
Microsoft Visual Studio Solution File, Format Version 12.00
# Visual Studio Version 17
VisualStudioVersion = 17.4.33205.214
MinimumVisualStudioVersion = 10.0.40219.1
Project("{9A19103F-16F7-4668-BE54-9A1E7A4F7556}") = "frontend", "frontend\frontend.csproj", "{69572B5F-A9B9-4340-8E11-951F327F371E}"
EndProject
Global
	GlobalSection(SolutionConfigurationPlatforms) = preSolution
		Debug|Any CPU = Debug|Any CPU
		Release|Any CPU = Release|Any CPU
	EndGlobalSection
	GlobalSection(ProjectConfigurationPlatforms) = postSolution
		{69572B5F-A9B9-4340-8E11-951F327F371E}.Debug|Any CPU.ActiveCfg = Debug|Any CPU
		{69572B5F-A9B9-4340-8E11-951F327F371E}.Debug|Any CPU.Build.0 = Debug|Any CPU
		{69572B5F-A9B9-4340-8E11-951F327F371E}.Release|Any CPU.ActiveCfg = Release|Any CPU
		{69572B5F-A9B9-4340-8E11-951F327F371E}.Release|Any CPU.Build.0 = Release|Any CPU
	EndGlobalSection
	GlobalSection(SolutionProperties) = preSolution
		HideSolutionNode = FALSE
	EndGlobalSection
	GlobalSection(ExtensibilityGlobals) = postSolution
		SolutionGuid = {4945D605-5E32-47E9-B944-BE15F196C613}
	EndGlobalSection
EndGlobal
